
Microsoft Visual Studio Solution File, Format Version 12.00
# Visual Studio Version 17
VisualStudioVersion = 17.3.32811.315
MinimumVisualStudioVersion = 10.0.40219.1
Project("{FAE04EC0-301F-11D3-BF4B-00C04F79EFBC}") = "DevFreela.API", "DevFreela.API\DevFreela.API.csproj", "{60F1D132-5782-45E8-AED7-6BB7CE197E37}"
EndProject
Global
	GlobalSection(SolutionConfigurationPlatforms) = preSolution
		Debug|Any CPU = Debug|Any CPU
		Release|Any CPU = Release|Any CPU
	EndGlobalSection
	GlobalSection(ProjectConfigurationPlatforms) = postSolution
		{60F1D132-5782-45E8-AED7-6BB7CE197E37}.Debug|Any CPU.ActiveCfg = Debug|Any CPU
		{60F1D132-5782-45E8-AED7-6BB7CE197E37}.Debug|Any CPU.Build.0 = Debug|Any CPU
		{60F1D132-5782-45E8-AED7-6BB7CE197E37}.Release|Any CPU.ActiveCfg = Release|Any CPU
		{60F1D132-5782-45E8-AED7-6BB7CE197E37}.Release|Any CPU.Build.0 = Release|Any CPU
	EndGlobalSection
	GlobalSection(SolutionProperties) = preSolution
		HideSolutionNode = FALSE
	EndGlobalSection
	GlobalSection(ExtensibilityGlobals) = postSolution
		SolutionGuid = {CE0B8F03-DBA0-4668-80D8-E58AC2020E82}
	EndGlobalSection
EndGlobal
